// !$*UTF8*$!
{
	archiveVersion = 1;
	classes = {
	};
	objectVersion = 56;
	objects = {

/* Begin PBXBuildFile section */
		3DAB9BF82BC7329600FE825A /* AppDelegate.swift in Sources */ = {isa = PBXBuildFile; fileRef = 3DAB9BF72BC7329600FE825A /* AppDelegate.swift */; };
		3DAB9BFA2BC7329600FE825A /* SceneDelegate.swift in Sources */ = {isa = PBXBuildFile; fileRef = 3DAB9BF92BC7329600FE825A /* SceneDelegate.swift */; };
		3DAB9BFC2BC7329600FE825A /* MovieListViewController.swift in Sources */ = {isa = PBXBuildFile; fileRef = 3DAB9BFB2BC7329600FE825A /* MovieListViewController.swift */; };
		3DAB9C012BC7329700FE825A /* Assets.xcassets in Resources */ = {isa = PBXBuildFile; fileRef = 3DAB9C002BC7329700FE825A /* Assets.xcassets */; };
		3DAB9C042BC7329700FE825A /* Base in Resources */ = {isa = PBXBuildFile; fileRef = 3DAB9C032BC7329700FE825A /* Base */; };
		3DAB9C0F2BC7329800FE825A /* OMDBMoviesTests.swift in Sources */ = {isa = PBXBuildFile; fileRef = 3DAB9C0E2BC7329800FE825A /* OMDBMoviesTests.swift */; };
		3DAB9C192BC7329800FE825A /* OMDBMoviesUITests.swift in Sources */ = {isa = PBXBuildFile; fileRef = 3DAB9C182BC7329800FE825A /* OMDBMoviesUITests.swift */; };
		3DAB9C1B2BC7329800FE825A /* OMDBMoviesUITestsLaunchTests.swift in Sources */ = {isa = PBXBuildFile; fileRef = 3DAB9C1A2BC7329800FE825A /* OMDBMoviesUITestsLaunchTests.swift */; };
		3DAB9C282BC7392900FE825A /* MovieService.swift in Sources */ = {isa = PBXBuildFile; fileRef = 3DAB9C272BC7392900FE825A /* MovieService.swift */; };
		3DAB9C2A2BC73D7E00FE825A /* MovieListViewModel.swift in Sources */ = {isa = PBXBuildFile; fileRef = 3DAB9C292BC73D7E00FE825A /* MovieListViewModel.swift */; };
		3DAB9C2E2BC73E9B00FE825A /* MovieCell.swift in Sources */ = {isa = PBXBuildFile; fileRef = 3DAB9C2D2BC73E9B00FE825A /* MovieCell.swift */; };
		3DAB9C302BC746CA00FE825A /* UIImageView+Extensions.swift in Sources */ = {isa = PBXBuildFile; fileRef = 3DAB9C2F2BC746CA00FE825A /* UIImageView+Extensions.swift */; };
		3DAB9C322BC8584100FE825A /* Movie.swift in Sources */ = {isa = PBXBuildFile; fileRef = 3DAB9C312BC8584100FE825A /* Movie.swift */; };
		3DAB9C392BC85BC400FE825A /* MockMovieService.swift in Sources */ = {isa = PBXBuildFile; fileRef = 3DAB9C382BC85BC400FE825A /* MockMovieService.swift */; };
/* End PBXBuildFile section */

/* Begin PBXContainerItemProxy section */
		3DAB9C0B2BC7329800FE825A /* PBXContainerItemProxy */ = {
			isa = PBXContainerItemProxy;
			containerPortal = 3DAB9BEC2BC7329600FE825A /* Project object */;
			proxyType = 1;
			remoteGlobalIDString = 3DAB9BF32BC7329600FE825A;
			remoteInfo = OMDBMovies;
		};
		3DAB9C152BC7329800FE825A /* PBXContainerItemProxy */ = {
			isa = PBXContainerItemProxy;
			containerPortal = 3DAB9BEC2BC7329600FE825A /* Project object */;
			proxyType = 1;
			remoteGlobalIDString = 3DAB9BF32BC7329600FE825A;
			remoteInfo = OMDBMovies;
		};
/* End PBXContainerItemProxy section */

/* Begin PBXFileReference section */
		3DAB9BF42BC7329600FE825A /* OMDBMovies.app */ = {isa = PBXFileReference; explicitFileType = wrapper.application; includeInIndex = 0; path = OMDBMovies.app; sourceTree = BUILT_PRODUCTS_DIR; };
		3DAB9BF72BC7329600FE825A /* AppDelegate.swift */ = {isa = PBXFileReference; lastKnownFileType = sourcecode.swift; path = AppDelegate.swift; sourceTree = "<group>"; };
		3DAB9BF92BC7329600FE825A /* SceneDelegate.swift */ = {isa = PBXFileReference; lastKnownFileType = sourcecode.swift; path = SceneDelegate.swift; sourceTree = "<group>"; };
		3DAB9BFB2BC7329600FE825A /* MovieListViewController.swift */ = {isa = PBXFileReference; lastKnownFileType = sourcecode.swift; path = MovieListViewController.swift; sourceTree = "<group>"; };
		3DAB9C002BC7329700FE825A /* Assets.xcassets */ = {isa = PBXFileReference; lastKnownFileType = folder.assetcatalog; path = Assets.xcassets; sourceTree = "<group>"; };
		3DAB9C032BC7329700FE825A /* Base */ = {isa = PBXFileReference; lastKnownFileType = file.storyboard; name = Base; path = Base.lproj/LaunchScreen.storyboard; sourceTree = "<group>"; };
		3DAB9C052BC7329700FE825A /* Info.plist */ = {isa = PBXFileReference; lastKnownFileType = text.plist.xml; path = Info.plist; sourceTree = "<group>"; };
		3DAB9C0A2BC7329800FE825A /* OMDBMoviesTests.xctest */ = {isa = PBXFileReference; explicitFileType = wrapper.cfbundle; includeInIndex = 0; path = OMDBMoviesTests.xctest; sourceTree = BUILT_PRODUCTS_DIR; };
		3DAB9C0E2BC7329800FE825A /* OMDBMoviesTests.swift */ = {isa = PBXFileReference; lastKnownFileType = sourcecode.swift; path = OMDBMoviesTests.swift; sourceTree = "<group>"; };
		3DAB9C142BC7329800FE825A /* OMDBMoviesUITests.xctest */ = {isa = PBXFileReference; explicitFileType = wrapper.cfbundle; includeInIndex = 0; path = OMDBMoviesUITests.xctest; sourceTree = BUILT_PRODUCTS_DIR; };
		3DAB9C182BC7329800FE825A /* OMDBMoviesUITests.swift */ = {isa = PBXFileReference; lastKnownFileType = sourcecode.swift; path = OMDBMoviesUITests.swift; sourceTree = "<group>"; };
		3DAB9C1A2BC7329800FE825A /* OMDBMoviesUITestsLaunchTests.swift */ = {isa = PBXFileReference; lastKnownFileType = sourcecode.swift; path = OMDBMoviesUITestsLaunchTests.swift; sourceTree = "<group>"; };
		3DAB9C272BC7392900FE825A /* MovieService.swift */ = {isa = PBXFileReference; lastKnownFileType = sourcecode.swift; path = MovieService.swift; sourceTree = "<group>"; };
		3DAB9C292BC73D7E00FE825A /* MovieListViewModel.swift */ = {isa = PBXFileReference; lastKnownFileType = sourcecode.swift; path = MovieListViewModel.swift; sourceTree = "<group>"; };
		3DAB9C2D2BC73E9B00FE825A /* MovieCell.swift */ = {isa = PBXFileReference; lastKnownFileType = sourcecode.swift; path = MovieCell.swift; sourceTree = "<group>"; };
		3DAB9C2F2BC746CA00FE825A /* UIImageView+Extensions.swift */ = {isa = PBXFileReference; lastKnownFileType = sourcecode.swift; path = "UIImageView+Extensions.swift"; sourceTree = "<group>"; };
		3DAB9C312BC8584100FE825A /* Movie.swift */ = {isa = PBXFileReference; lastKnownFileType = sourcecode.swift; path = Movie.swift; sourceTree = "<group>"; };
		3DAB9C382BC85BC400FE825A /* MockMovieService.swift */ = {isa = PBXFileReference; lastKnownFileType = sourcecode.swift; path = MockMovieService.swift; sourceTree = "<group>"; };
/* End PBXFileReference section */

/* Begin PBXFrameworksBuildPhase section */
		3DAB9BF12BC7329600FE825A /* Frameworks */ = {
			isa = PBXFrameworksBuildPhase;
			buildActionMask = 2147483647;
			files = (
			);
			runOnlyForDeploymentPostprocessing = 0;
		};
		3DAB9C072BC7329800FE825A /* Frameworks */ = {
			isa = PBXFrameworksBuildPhase;
			buildActionMask = 2147483647;
			files = (
			);
			runOnlyForDeploymentPostprocessing = 0;
		};
		3DAB9C112BC7329800FE825A /* Frameworks */ = {
			isa = PBXFrameworksBuildPhase;
			buildActionMask = 2147483647;
			files = (
			);
			runOnlyForDeploymentPostprocessing = 0;
		};
/* End PBXFrameworksBuildPhase section */

/* Begin PBXGroup section */
		3DAB9BEB2BC7329600FE825A = {
			isa = PBXGroup;
			children = (
				3DAB9BF62BC7329600FE825A /* OMDBMovies */,
				3DAB9C0D2BC7329800FE825A /* OMDBMoviesTests */,
				3DAB9C172BC7329800FE825A /* OMDBMoviesUITests */,
				3DAB9BF52BC7329600FE825A /* Products */,
			);
			sourceTree = "<group>";
		};
		3DAB9BF52BC7329600FE825A /* Products */ = {
			isa = PBXGroup;
			children = (
				3DAB9BF42BC7329600FE825A /* OMDBMovies.app */,
				3DAB9C0A2BC7329800FE825A /* OMDBMoviesTests.xctest */,
				3DAB9C142BC7329800FE825A /* OMDBMoviesUITests.xctest */,
			);
			name = Products;
			sourceTree = "<group>";
		};
		3DAB9BF62BC7329600FE825A /* OMDBMovies */ = {
			isa = PBXGroup;
			children = (
				3DAB9C372BC8595900FE825A /* Extensions */,
				3DAB9C332BC858F800FE825A /* Models */,
				3DAB9C362BC8593A00FE825A /* Services */,
				3DAB9C342BC8592900FE825A /* ViewControllers */,
				3DAB9BF72BC7329600FE825A /* AppDelegate.swift */,
				3DAB9BF92BC7329600FE825A /* SceneDelegate.swift */,
				3DAB9C002BC7329700FE825A /* Assets.xcassets */,
				3DAB9C022BC7329700FE825A /* LaunchScreen.storyboard */,
				3DAB9C052BC7329700FE825A /* Info.plist */,
			);
			path = OMDBMovies;
			sourceTree = "<group>";
		};
		3DAB9C0D2BC7329800FE825A /* OMDBMoviesTests */ = {
			isa = PBXGroup;
			children = (
				3DAB9C0E2BC7329800FE825A /* OMDBMoviesTests.swift */,
				3DAB9C382BC85BC400FE825A /* MockMovieService.swift */,
			);
			path = OMDBMoviesTests;
			sourceTree = "<group>";
		};
		3DAB9C172BC7329800FE825A /* OMDBMoviesUITests */ = {
			isa = PBXGroup;
			children = (
				3DAB9C182BC7329800FE825A /* OMDBMoviesUITests.swift */,
				3DAB9C1A2BC7329800FE825A /* OMDBMoviesUITestsLaunchTests.swift */,
			);
			path = OMDBMoviesUITests;
			sourceTree = "<group>";
		};
		3DAB9C332BC858F800FE825A /* Models */ = {
			isa = PBXGroup;
			children = (
				3DAB9C312BC8584100FE825A /* Movie.swift */,
			);
			path = Models;
			sourceTree = "<group>";
		};
		3DAB9C342BC8592900FE825A /* ViewControllers */ = {
			isa = PBXGroup;
			children = (
				3DAB9C352BC8593300FE825A /* Cells */,
				3DAB9BFB2BC7329600FE825A /* MovieListViewController.swift */,
				3DAB9C292BC73D7E00FE825A /* MovieListViewModel.swift */,
			);
			path = ViewControllers;
			sourceTree = "<group>";
		};
		3DAB9C352BC8593300FE825A /* Cells */ = {
			isa = PBXGroup;
			children = (
				3DAB9C2D2BC73E9B00FE825A /* MovieCell.swift */,
			);
			path = Cells;
			sourceTree = "<group>";
		};
		3DAB9C362BC8593A00FE825A /* Services */ = {
			isa = PBXGroup;
			children = (
				3DAB9C272BC7392900FE825A /* MovieService.swift */,
			);
			path = Services;
			sourceTree = "<group>";
		};
		3DAB9C372BC8595900FE825A /* Extensions */ = {
			isa = PBXGroup;
			children = (
				3DAB9C2F2BC746CA00FE825A /* UIImageView+Extensions.swift */,
			);
			path = Extensions;
			sourceTree = "<group>";
		};
/* End PBXGroup section */

/* Begin PBXNativeTarget section */
		3DAB9BF32BC7329600FE825A /* OMDBMovies */ = {
			isa = PBXNativeTarget;
			buildConfigurationList = 3DAB9C1E2BC7329800FE825A /* Build configuration list for PBXNativeTarget "OMDBMovies" */;
			buildPhases = (
				3DAB9BF02BC7329600FE825A /* Sources */,
				3DAB9BF12BC7329600FE825A /* Frameworks */,
				3DAB9BF22BC7329600FE825A /* Resources */,
			);
			buildRules = (
			);
			dependencies = (
			);
			name = OMDBMovies;
			productName = OMDBMovies;
			productReference = 3DAB9BF42BC7329600FE825A /* OMDBMovies.app */;
			productType = "com.apple.product-type.application";
		};
		3DAB9C092BC7329800FE825A /* OMDBMoviesTests */ = {
			isa = PBXNativeTarget;
			buildConfigurationList = 3DAB9C212BC7329800FE825A /* Build configuration list for PBXNativeTarget "OMDBMoviesTests" */;
			buildPhases = (
				3DAB9C062BC7329800FE825A /* Sources */,
				3DAB9C072BC7329800FE825A /* Frameworks */,
				3DAB9C082BC7329800FE825A /* Resources */,
			);
			buildRules = (
			);
			dependencies = (
				3DAB9C0C2BC7329800FE825A /* PBXTargetDependency */,
			);
			name = OMDBMoviesTests;
			productName = OMDBMoviesTests;
			productReference = 3DAB9C0A2BC7329800FE825A /* OMDBMoviesTests.xctest */;
			productType = "com.apple.product-type.bundle.unit-test";
		};
		3DAB9C132BC7329800FE825A /* OMDBMoviesUITests */ = {
			isa = PBXNativeTarget;
			buildConfigurationList = 3DAB9C242BC7329800FE825A /* Build configuration list for PBXNativeTarget "OMDBMoviesUITests" */;
			buildPhases = (
				3DAB9C102BC7329800FE825A /* Sources */,
				3DAB9C112BC7329800FE825A /* Frameworks */,
				3DAB9C122BC7329800FE825A /* Resources */,
			);
			buildRules = (
			);
			dependencies = (
				3DAB9C162BC7329800FE825A /* PBXTargetDependency */,
			);
			name = OMDBMoviesUITests;
			productName = OMDBMoviesUITests;
			productReference = 3DAB9C142BC7329800FE825A /* OMDBMoviesUITests.xctest */;
			productType = "com.apple.product-type.bundle.ui-testing";
		};
/* End PBXNativeTarget section */

/* Begin PBXProject section */
		3DAB9BEC2BC7329600FE825A /* Project object */ = {
			isa = PBXProject;
			attributes = {
				BuildIndependentTargetsInParallel = 1;
				LastSwiftUpdateCheck = 1530;
				LastUpgradeCheck = 1530;
				TargetAttributes = {
					3DAB9BF32BC7329600FE825A = {
						CreatedOnToolsVersion = 15.3;
					};
					3DAB9C092BC7329800FE825A = {
						CreatedOnToolsVersion = 15.3;
						TestTargetID = 3DAB9BF32BC7329600FE825A;
					};
					3DAB9C132BC7329800FE825A = {
						CreatedOnToolsVersion = 15.3;
						TestTargetID = 3DAB9BF32BC7329600FE825A;
					};
				};
			};
			buildConfigurationList = 3DAB9BEF2BC7329600FE825A /* Build configuration list for PBXProject "OMDBMovies" */;
			compatibilityVersion = "Xcode 14.0";
			developmentRegion = en;
			hasScannedForEncodings = 0;
			knownRegions = (
				en,
				Base,
			);
			mainGroup = 3DAB9BEB2BC7329600FE825A;
			productRefGroup = 3DAB9BF52BC7329600FE825A /* Products */;
			projectDirPath = "";
			projectRoot = "";
			targets = (
				3DAB9BF32BC7329600FE825A /* OMDBMovies */,
				3DAB9C092BC7329800FE825A /* OMDBMoviesTests */,
				3DAB9C132BC7329800FE825A /* OMDBMoviesUITests */,
			);
		};
/* End PBXProject section */

/* Begin PBXResourcesBuildPhase section */
		3DAB9BF22BC7329600FE825A /* Resources */ = {
			isa = PBXResourcesBuildPhase;
			buildActionMask = 2147483647;
			files = (
				3DAB9C012BC7329700FE825A /* Assets.xcassets in Resources */,
				3DAB9C042BC7329700FE825A /* Base in Resources */,
			);
			runOnlyForDeploymentPostprocessing = 0;
		};
		3DAB9C082BC7329800FE825A /* Resources */ = {
			isa = PBXResourcesBuildPhase;
			buildActionMask = 2147483647;
			files = (
			);
			runOnlyForDeploymentPostprocessing = 0;
		};
		3DAB9C122BC7329800FE825A /* Resources */ = {
			isa = PBXResourcesBuildPhase;
			buildActionMask = 2147483647;
			files = (
			);
			runOnlyForDeploymentPostprocessing = 0;
		};
/* End PBXResourcesBuildPhase section */

/* Begin PBXSourcesBuildPhase section */
		3DAB9BF02BC7329600FE825A /* Sources */ = {
			isa = PBXSourcesBuildPhase;
			buildActionMask = 2147483647;
			files = (
				3DAB9BFC2BC7329600FE825A /* MovieListViewController.swift in Sources */,
				3DAB9C302BC746CA00FE825A /* UIImageView+Extensions.swift in Sources */,
				3DAB9BF82BC7329600FE825A /* AppDelegate.swift in Sources */,
				3DAB9C2E2BC73E9B00FE825A /* MovieCell.swift in Sources */,
				3DAB9C282BC7392900FE825A /* MovieService.swift in Sources */,
				3DAB9BFA2BC7329600FE825A /* SceneDelegate.swift in Sources */,
				3DAB9C322BC8584100FE825A /* Movie.swift in Sources */,
				3DAB9C2A2BC73D7E00FE825A /* MovieListViewModel.swift in Sources */,
			);
			runOnlyForDeploymentPostprocessing = 0;
		};
		3DAB9C062BC7329800FE825A /* Sources */ = {
			isa = PBXSourcesBuildPhase;
			buildActionMask = 2147483647;
			files = (
				3DAB9C392BC85BC400FE825A /* MockMovieService.swift in Sources */,
				3DAB9C0F2BC7329800FE825A /* OMDBMoviesTests.swift in Sources */,
			);
			runOnlyForDeploymentPostprocessing = 0;
		};
		3DAB9C102BC7329800FE825A /* Sources */ = {
			isa = PBXSourcesBuildPhase;
			buildActionMask = 2147483647;
			files = (
				3DAB9C192BC7329800FE825A /* OMDBMoviesUITests.swift in Sources */,
				3DAB9C1B2BC7329800FE825A /* OMDBMoviesUITestsLaunchTests.swift in Sources */,
			);
			runOnlyForDeploymentPostprocessing = 0;
		};
/* End PBXSourcesBuildPhase section */

/* Begin PBXTargetDependency section */
		3DAB9C0C2BC7329800FE825A /* PBXTargetDependency */ = {
			isa = PBXTargetDependency;
			target = 3DAB9BF32BC7329600FE825A /* OMDBMovies */;
			targetProxy = 3DAB9C0B2BC7329800FE825A /* PBXContainerItemProxy */;
		};
		3DAB9C162BC7329800FE825A /* PBXTargetDependency */ = {
			isa = PBXTargetDependency;
			target = 3DAB9BF32BC7329600FE825A /* OMDBMovies */;
			targetProxy = 3DAB9C152BC7329800FE825A /* PBXContainerItemProxy */;
		};
/* End PBXTargetDependency section */

/* Begin PBXVariantGroup section */
		3DAB9C022BC7329700FE825A /* LaunchScreen.storyboard */ = {
			isa = PBXVariantGroup;
			children = (
				3DAB9C032BC7329700FE825A /* Base */,
			);
			name = LaunchScreen.storyboard;
			sourceTree = "<group>";
		};
/* End PBXVariantGroup section */

/* Begin XCBuildConfiguration section */
		3DAB9C1C2BC7329800FE825A /* Debug */ = {
			isa = XCBuildConfiguration;
			buildSettings = {
				ALWAYS_SEARCH_USER_PATHS = NO;
				ASSETCATALOG_COMPILER_GENERATE_SWIFT_ASSET_SYMBOL_EXTENSIONS = YES;
				CLANG_ANALYZER_NONNULL = YES;
				CLANG_ANALYZER_NUMBER_OBJECT_CONVERSION = YES_AGGRESSIVE;
				CLANG_CXX_LANGUAGE_STANDARD = "gnu++20";
				CLANG_ENABLE_MODULES = YES;
				CLANG_ENABLE_OBJC_ARC = YES;
				CLANG_ENABLE_OBJC_WEAK = YES;
				CLANG_WARN_BLOCK_CAPTURE_AUTORELEASING = YES;
				CLANG_WARN_BOOL_CONVERSION = YES;
				CLANG_WARN_COMMA = YES;
				CLANG_WARN_CONSTANT_CONVERSION = YES;
				CLANG_WARN_DEPRECATED_OBJC_IMPLEMENTATIONS = YES;
				CLANG_WARN_DIRECT_OBJC_ISA_USAGE = YES_ERROR;
				CLANG_WARN_DOCUMENTATION_COMMENTS = YES;
				CLANG_WARN_EMPTY_BODY = YES;
				CLANG_WARN_ENUM_CONVERSION = YES;
				CLANG_WARN_INFINITE_RECURSION = YES;
				CLANG_WARN_INT_CONVERSION = YES;
				CLANG_WARN_NON_LITERAL_NULL_CONVERSION = YES;
				CLANG_WARN_OBJC_IMPLICIT_RETAIN_SELF = YES;
				CLANG_WARN_OBJC_LITERAL_CONVERSION = YES;
				CLANG_WARN_OBJC_ROOT_CLASS = YES_ERROR;
				CLANG_WARN_QUOTED_INCLUDE_IN_FRAMEWORK_HEADER = YES;
				CLANG_WARN_RANGE_LOOP_ANALYSIS = YES;
				CLANG_WARN_STRICT_PROTOTYPES = YES;
				CLANG_WARN_SUSPICIOUS_MOVE = YES;
				CLANG_WARN_UNGUARDED_AVAILABILITY = YES_AGGRESSIVE;
				CLANG_WARN_UNREACHABLE_CODE = YES;
				CLANG_WARN__DUPLICATE_METHOD_MATCH = YES;
				COPY_PHASE_STRIP = NO;
				DEBUG_INFORMATION_FORMAT = dwarf;
				ENABLE_STRICT_OBJC_MSGSEND = YES;
				ENABLE_TESTABILITY = YES;
				ENABLE_USER_SCRIPT_SANDBOXING = YES;
				GCC_C_LANGUAGE_STANDARD = gnu17;
				GCC_DYNAMIC_NO_PIC = NO;
				GCC_NO_COMMON_BLOCKS = YES;
				GCC_OPTIMIZATION_LEVEL = 0;
				GCC_PREPROCESSOR_DEFINITIONS = (
					"DEBUG=1",
					"$(inherited)",
				);
				GCC_WARN_64_TO_32_BIT_CONVERSION = YES;
				GCC_WARN_ABOUT_RETURN_TYPE = YES_ERROR;
				GCC_WARN_UNDECLARED_SELECTOR = YES;
				GCC_WARN_UNINITIALIZED_AUTOS = YES_AGGRESSIVE;
				GCC_WARN_UNUSED_FUNCTION = YES;
				GCC_WARN_UNUSED_VARIABLE = YES;
				IPHONEOS_DEPLOYMENT_TARGET = 17.4;
				LOCALIZATION_PREFERS_STRING_CATALOGS = YES;
				MTL_ENABLE_DEBUG_INFO = INCLUDE_SOURCE;
				MTL_FAST_MATH = YES;
				ONLY_ACTIVE_ARCH = YES;
				SDKROOT = iphoneos;
				SWIFT_ACTIVE_COMPILATION_CONDITIONS = "DEBUG $(inherited)";
				SWIFT_OPTIMIZATION_LEVEL = "-Onone";
			};
			name = Debug;
		};
		3DAB9C1D2BC7329800FE825A /* Release */ = {
			isa = XCBuildConfiguration;
			buildSettings = {
				ALWAYS_SEARCH_USER_PATHS = NO;
				ASSETCATALOG_COMPILER_GENERATE_SWIFT_ASSET_SYMBOL_EXTENSIONS = YES;
				CLANG_ANALYZER_NONNULL = YES;
				CLANG_ANALYZER_NUMBER_OBJECT_CONVERSION = YES_AGGRESSIVE;
				CLANG_CXX_LANGUAGE_STANDARD = "gnu++20";
				CLANG_ENABLE_MODULES = YES;
				CLANG_ENABLE_OBJC_ARC = YES;
				CLANG_ENABLE_OBJC_WEAK = YES;
				CLANG_WARN_BLOCK_CAPTURE_AUTORELEASING = YES;
				CLANG_WARN_BOOL_CONVERSION = YES;
				CLANG_WARN_COMMA = YES;
				CLANG_WARN_CONSTANT_CONVERSION = YES;
				CLANG_WARN_DEPRECATED_OBJC_IMPLEMENTATIONS = YES;
				CLANG_WARN_DIRECT_OBJC_ISA_USAGE = YES_ERROR;
				CLANG_WARN_DOCUMENTATION_COMMENTS = YES;
				CLANG_WARN_EMPTY_BODY = YES;
				CLANG_WARN_ENUM_CONVERSION = YES;
				CLANG_WARN_INFINITE_RECURSION = YES;
				CLANG_WARN_INT_CONVERSION = YES;
				CLANG_WARN_NON_LITERAL_NULL_CONVERSION = YES;
				CLANG_WARN_OBJC_IMPLICIT_RETAIN_SELF = YES;
				CLANG_WARN_OBJC_LITERAL_CONVERSION = YES;
				CLANG_WARN_OBJC_ROOT_CLASS = YES_ERROR;
				CLANG_WARN_QUOTED_INCLUDE_IN_FRAMEWORK_HEADER = YES;
				CLANG_WARN_RANGE_LOOP_ANALYSIS = YES;
				CLANG_WARN_STRICT_PROTOTYPES = YES;
				CLANG_WARN_SUSPICIOUS_MOVE = YES;
				CLANG_WARN_UNGUARDED_AVAILABILITY = YES_AGGRESSIVE;
				CLANG_WARN_UNREACHABLE_CODE = YES;
				CLANG_WARN__DUPLICATE_METHOD_MATCH = YES;
				COPY_PHASE_STRIP = NO;
				DEBUG_INFORMATION_FORMAT = "dwarf-with-dsym";
				ENABLE_NS_ASSERTIONS = NO;
				ENABLE_STRICT_OBJC_MSGSEND = YES;
				ENABLE_USER_SCRIPT_SANDBOXING = YES;
				GCC_C_LANGUAGE_STANDARD = gnu17;
				GCC_NO_COMMON_BLOCKS = YES;
				GCC_WARN_64_TO_32_BIT_CONVERSION = YES;
				GCC_WARN_ABOUT_RETURN_TYPE = YES_ERROR;
				GCC_WARN_UNDECLARED_SELECTOR = YES;
				GCC_WARN_UNINITIALIZED_AUTOS = YES_AGGRESSIVE;
				GCC_WARN_UNUSED_FUNCTION = YES;
				GCC_WARN_UNUSED_VARIABLE = YES;
				IPHONEOS_DEPLOYMENT_TARGET = 17.4;
				LOCALIZATION_PREFERS_STRING_CATALOGS = YES;
				MTL_ENABLE_DEBUG_INFO = NO;
				MTL_FAST_MATH = YES;
				SDKROOT = iphoneos;
				SWIFT_COMPILATION_MODE = wholemodule;
				VALIDATE_PRODUCT = YES;
			};
			name = Release;
		};
		3DAB9C1F2BC7329800FE825A /* Debug */ = {
			isa = XCBuildConfiguration;
			buildSettings = {
				ASSETCATALOG_COMPILER_APPICON_NAME = AppIcon;
				ASSETCATALOG_COMPILER_GLOBAL_ACCENT_COLOR_NAME = AccentColor;
				CODE_SIGN_STYLE = Automatic;
				CURRENT_PROJECT_VERSION = 1;
				DEVELOPMENT_TEAM = W9MSN9VC5A;
				GENERATE_INFOPLIST_FILE = YES;
				INFOPLIST_FILE = OMDBMovies/Info.plist;
				INFOPLIST_KEY_UIApplicationSupportsIndirectInputEvents = YES;
				INFOPLIST_KEY_UILaunchStoryboardName = LaunchScreen;
				INFOPLIST_KEY_UISupportedInterfaceOrientations_iPad = "UIInterfaceOrientationPortrait UIInterfaceOrientationPortraitUpsideDown UIInterfaceOrientationLandscapeLeft UIInterfaceOrientationLandscapeRight";
				INFOPLIST_KEY_UISupportedInterfaceOrientations_iPhone = "UIInterfaceOrientationPortrait UIInterfaceOrientationLandscapeLeft UIInterfaceOrientationLandscapeRight";
				LD_RUNPATH_SEARCH_PATHS = (
					"$(inherited)",
					"@executable_path/Frameworks",
				);
				MARKETING_VERSION = 1.0;
				PRODUCT_BUNDLE_IDENTIFIER = Ensemble.OMDBMovies;
				PRODUCT_NAME = "$(TARGET_NAME)";
				SWIFT_EMIT_LOC_STRINGS = YES;
				SWIFT_VERSION = 5.0;
				TARGETED_DEVICE_FAMILY = "1,2";
			};
			name = Debug;
		};
		3DAB9C202BC7329800FE825A /* Release */ = {
			isa = XCBuildConfiguration;
			buildSettings = {
				ASSETCATALOG_COMPILER_APPICON_NAME = AppIcon;
				ASSETCATALOG_COMPILER_GLOBAL_ACCENT_COLOR_NAME = AccentColor;
				CODE_SIGN_STYLE = Automatic;
				CURRENT_PROJECT_VERSION = 1;
				DEVELOPMENT_TEAM = W9MSN9VC5A;
				GENERATE_INFOPLIST_FILE = YES;
				INFOPLIST_FILE = OMDBMovies/Info.plist;
				INFOPLIST_KEY_UIApplicationSupportsIndirectInputEvents = YES;
				INFOPLIST_KEY_UILaunchStoryboardName = LaunchScreen;
				INFOPLIST_KEY_UISupportedInterfaceOrientations_iPad = "UIInterfaceOrientationPortrait UIInterfaceOrientationPortraitUpsideDown UIInterfaceOrientationLandscapeLeft UIInterfaceOrientationLandscapeRight";
				INFOPLIST_KEY_UISupportedInterfaceOrientations_iPhone = "UIInterfaceOrientationPortrait UIInterfaceOrientationLandscapeLeft UIInterfaceOrientationLandscapeRight";
				LD_RUNPATH_SEARCH_PATHS = (
					"$(inherited)",
					"@executable_path/Frameworks",
				);
				MARKETING_VERSION = 1.0;
				PRODUCT_BUNDLE_IDENTIFIER = Ensemble.OMDBMovies;
				PRODUCT_NAME = "$(TARGET_NAME)";
				SWIFT_EMIT_LOC_STRINGS = YES;
				SWIFT_VERSION = 5.0;
				TARGETED_DEVICE_FAMILY = "1,2";
			};
			name = Release;
		};
		3DAB9C222BC7329800FE825A /* Debug */ = {
			isa = XCBuildConfiguration;
			buildSettings = {
				ALWAYS_EMBED_SWIFT_STANDARD_LIBRARIES = YES;
				BUNDLE_LOADER = "$(TEST_HOST)";
				CODE_SIGN_STYLE = Automatic;
				CURRENT_PROJECT_VERSION = 1;
				DEVELOPMENT_TEAM = W9MSN9VC5A;
				GENERATE_INFOPLIST_FILE = YES;
				IPHONEOS_DEPLOYMENT_TARGET = 17.4;
				MARKETING_VERSION = 1.0;
				PRODUCT_BUNDLE_IDENTIFIER = Ensemble.OMDBMoviesTests;
				PRODUCT_NAME = "$(TARGET_NAME)";
				SWIFT_EMIT_LOC_STRINGS = NO;
				SWIFT_VERSION = 5.0;
				TARGETED_DEVICE_FAMILY = "1,2";
				TEST_HOST = "$(BUILT_PRODUCTS_DIR)/OMDBMovies.app/$(BUNDLE_EXECUTABLE_FOLDER_PATH)/OMDBMovies";
			};
			name = Debug;
		};
		3DAB9C232BC7329800FE825A /* Release */ = {
			isa = XCBuildConfiguration;
			buildSettings = {
				ALWAYS_EMBED_SWIFT_STANDARD_LIBRARIES = YES;
				BUNDLE_LOADER = "$(TEST_HOST)";
				CODE_SIGN_STYLE = Automatic;
				CURRENT_PROJECT_VERSION = 1;
				DEVELOPMENT_TEAM = W9MSN9VC5A;
				GENERATE_INFOPLIST_FILE = YES;
				IPHONEOS_DEPLOYMENT_TARGET = 17.4;
				MARKETING_VERSION = 1.0;
				PRODUCT_BUNDLE_IDENTIFIER = Ensemble.OMDBMoviesTests;
				PRODUCT_NAME = "$(TARGET_NAME)";
				SWIFT_EMIT_LOC_STRINGS = NO;
				SWIFT_VERSION = 5.0;
				TARGETED_DEVICE_FAMILY = "1,2";
				TEST_HOST = "$(BUILT_PRODUCTS_DIR)/OMDBMovies.app/$(BUNDLE_EXECUTABLE_FOLDER_PATH)/OMDBMovies";
			};
			name = Release;
		};
		3DAB9C252BC7329800FE825A /* Debug */ = {
			isa = XCBuildConfiguration;
			buildSettings = {
				ALWAYS_EMBED_SWIFT_STANDARD_LIBRARIES = YES;
				CODE_SIGN_STYLE = Automatic;
				CURRENT_PROJECT_VERSION = 1;
				DEVELOPMENT_TEAM = W9MSN9VC5A;
				GENERATE_INFOPLIST_FILE = YES;
				MARKETING_VERSION = 1.0;
				PRODUCT_BUNDLE_IDENTIFIER = Ensemble.OMDBMoviesUITests;
				PRODUCT_NAME = "$(TARGET_NAME)";
				SWIFT_EMIT_LOC_STRINGS = NO;
				SWIFT_VERSION = 5.0;
				TARGETED_DEVICE_FAMILY = "1,2";
				TEST_TARGET_NAME = OMDBMovies;
			};
			name = Debug;
		};
		3DAB9C262BC7329800FE825A /* Release */ = {
			isa = XCBuildConfiguration;
			buildSettings = {
				ALWAYS_EMBED_SWIFT_STANDARD_LIBRARIES = YES;
				CODE_SIGN_STYLE = Automatic;
				CURRENT_PROJECT_VERSION = 1;
				DEVELOPMENT_TEAM = W9MSN9VC5A;
				GENERATE_INFOPLIST_FILE = YES;
				MARKETING_VERSION = 1.0;
				PRODUCT_BUNDLE_IDENTIFIER = Ensemble.OMDBMoviesUITests;
				PRODUCT_NAME = "$(TARGET_NAME)";
				SWIFT_EMIT_LOC_STRINGS = NO;
				SWIFT_VERSION = 5.0;
				TARGETED_DEVICE_FAMILY = "1,2";
				TEST_TARGET_NAME = OMDBMovies;
			};
			name = Release;
		};
/* End XCBuildConfiguration section */

/* Begin XCConfigurationList section */
		3DAB9BEF2BC7329600FE825A /* Build configuration list for PBXProject "OMDBMovies" */ = {
			isa = XCConfigurationList;
			buildConfigurations = (
				3DAB9C1C2BC7329800FE825A /* Debug */,
				3DAB9C1D2BC7329800FE825A /* Release */,
			);
			defaultConfigurationIsVisible = 0;
			defaultConfigurationName = Release;
		};
		3DAB9C1E2BC7329800FE825A /* Build configuration list for PBXNativeTarget "OMDBMovies" */ = {
			isa = XCConfigurationList;
			buildConfigurations = (
				3DAB9C1F2BC7329800FE825A /* Debug */,
				3DAB9C202BC7329800FE825A /* Release */,
			);
			defaultConfigurationIsVisible = 0;
			defaultConfigurationName = Release;
		};
		3DAB9C212BC7329800FE825A /* Build configuration list for PBXNativeTarget "OMDBMoviesTests" */ = {
			isa = XCConfigurationList;
			buildConfigurations = (
				3DAB9C222BC7329800FE825A /* Debug */,
				3DAB9C232BC7329800FE825A /* Release */,
			);
			defaultConfigurationIsVisible = 0;
			defaultConfigurationName = Release;
		};
		3DAB9C242BC7329800FE825A /* Build configuration list for PBXNativeTarget "OMDBMoviesUITests" */ = {
			isa = XCConfigurationList;
			buildConfigurations = (
				3DAB9C252BC7329800FE825A /* Debug */,
				3DAB9C262BC7329800FE825A /* Release */,
			);
			defaultConfigurationIsVisible = 0;
			defaultConfigurationName = Release;
		};
/* End XCConfigurationList section */
	};
	rootObject = 3DAB9BEC2BC7329600FE825A /* Project object */;
}
